// !$*UTF8*$!
{
	archiveVersion = 1;
	classes = {
	};
	objectVersion = 48;
	objects = {

/* Begin PBXBuildFile section */
		232B8C111FC3140600D9C5C0 /* AddItemViewController.swift in Sources */ = {isa = PBXBuildFile; fileRef = 232B8C101FC3140600D9C5C0 /* AddItemViewController.swift */; };
		232BFFEB1FC06CC4008FBEEE /* ChecklistItem.swift in Sources */ = {isa = PBXBuildFile; fileRef = 232BFFEA1FC06CC4008FBEEE /* ChecklistItem.swift */; };
		2363654D1FC0163F00BB430D /* AppDelegate.swift in Sources */ = {isa = PBXBuildFile; fileRef = 2363654C1FC0163F00BB430D /* AppDelegate.swift */; };
		2363654F1FC0163F00BB430D /* ChecklistsViewController.swift in Sources */ = {isa = PBXBuildFile; fileRef = 2363654E1FC0163F00BB430D /* ChecklistsViewController.swift */; };
		236365521FC0163F00BB430D /* Main.storyboard in Resources */ = {isa = PBXBuildFile; fileRef = 236365501FC0163F00BB430D /* Main.storyboard */; };
		236365541FC0163F00BB430D /* Assets.xcassets in Resources */ = {isa = PBXBuildFile; fileRef = 236365531FC0163F00BB430D /* Assets.xcassets */; };
		236365571FC0163F00BB430D /* LaunchScreen.storyboard in Resources */ = {isa = PBXBuildFile; fileRef = 236365551FC0163F00BB430D /* LaunchScreen.storyboard */; };
		23A63E4F1FCAB89100F3A0EC /* AllListsViewController.swift in Sources */ = {isa = PBXBuildFile; fileRef = 23A63E4E1FCAB89100F3A0EC /* AllListsViewController.swift */; };
		23A63E511FCAC90B00F3A0EC /* Checklist.swift in Sources */ = {isa = PBXBuildFile; fileRef = 23A63E501FCAC90B00F3A0EC /* Checklist.swift */; };
/* End PBXBuildFile section */

/* Begin PBXFileReference section */
		232B8C101FC3140600D9C5C0 /* AddItemViewController.swift */ = {isa = PBXFileReference; lastKnownFileType = sourcecode.swift; path = AddItemViewController.swift; sourceTree = "<group>"; };
		232BFFEA1FC06CC4008FBEEE /* ChecklistItem.swift */ = {isa = PBXFileReference; lastKnownFileType = sourcecode.swift; path = ChecklistItem.swift; sourceTree = "<group>"; };
		236365491FC0163F00BB430D /* Checklists.app */ = {isa = PBXFileReference; explicitFileType = wrapper.application; includeInIndex = 0; path = Checklists.app; sourceTree = BUILT_PRODUCTS_DIR; };
		2363654C1FC0163F00BB430D /* AppDelegate.swift */ = {isa = PBXFileReference; lastKnownFileType = sourcecode.swift; path = AppDelegate.swift; sourceTree = "<group>"; };
		2363654E1FC0163F00BB430D /* ChecklistsViewController.swift */ = {isa = PBXFileReference; lastKnownFileType = sourcecode.swift; path = ChecklistsViewController.swift; sourceTree = "<group>"; };
		236365511FC0163F00BB430D /* Base */ = {isa = PBXFileReference; lastKnownFileType = file.storyboard; name = Base; path = Base.lproj/Main.storyboard; sourceTree = "<group>"; };
		236365531FC0163F00BB430D /* Assets.xcassets */ = {isa = PBXFileReference; lastKnownFileType = folder.assetcatalog; path = Assets.xcassets; sourceTree = "<group>"; };
		236365561FC0163F00BB430D /* Base */ = {isa = PBXFileReference; lastKnownFileType = file.storyboard; name = Base; path = Base.lproj/LaunchScreen.storyboard; sourceTree = "<group>"; };
		236365581FC0163F00BB430D /* Info.plist */ = {isa = PBXFileReference; lastKnownFileType = text.plist.xml; path = Info.plist; sourceTree = "<group>"; };
		23A63E4E1FCAB89100F3A0EC /* AllListsViewController.swift */ = {isa = PBXFileReference; lastKnownFileType = sourcecode.swift; path = AllListsViewController.swift; sourceTree = "<group>"; };
		23A63E501FCAC90B00F3A0EC /* Checklist.swift */ = {isa = PBXFileReference; lastKnownFileType = sourcecode.swift; path = Checklist.swift; sourceTree = "<group>"; };
/* End PBXFileReference section */

/* Begin PBXFrameworksBuildPhase section */
		236365461FC0163F00BB430D /* Frameworks */ = {
			isa = PBXFrameworksBuildPhase;
			buildActionMask = 2147483647;
			files = (
			);
			runOnlyForDeploymentPostprocessing = 0;
		};
/* End PBXFrameworksBuildPhase section */

/* Begin PBXGroup section */
		236365401FC0163F00BB430D = {
			isa = PBXGroup;
			children = (
				2363654B1FC0163F00BB430D /* Checklists */,
				2363654A1FC0163F00BB430D /* Products */,
			);
			sourceTree = "<group>";
		};
		2363654A1FC0163F00BB430D /* Products */ = {
			isa = PBXGroup;
			children = (
				236365491FC0163F00BB430D /* Checklists.app */,
			);
			name = Products;
			sourceTree = "<group>";
		};
		2363654B1FC0163F00BB430D /* Checklists */ = {
			isa = PBXGroup;
			children = (
				2363654C1FC0163F00BB430D /* AppDelegate.swift */,
				23A63E4E1FCAB89100F3A0EC /* AllListsViewController.swift */,
				2363654E1FC0163F00BB430D /* ChecklistsViewController.swift */,
				23A63E501FCAC90B00F3A0EC /* Checklist.swift */,
				232BFFEA1FC06CC4008FBEEE /* ChecklistItem.swift */,
				232B8C101FC3140600D9C5C0 /* AddItemViewController.swift */,
				236365501FC0163F00BB430D /* Main.storyboard */,
				236365531FC0163F00BB430D /* Assets.xcassets */,
				236365551FC0163F00BB430D /* LaunchScreen.storyboard */,
				236365581FC0163F00BB430D /* Info.plist */,
			);
			path = Checklists;
			sourceTree = "<group>";
		};
/* End PBXGroup section */

/* Begin PBXNativeTarget section */
		236365481FC0163F00BB430D /* Checklists */ = {
			isa = PBXNativeTarget;
			buildConfigurationList = 2363655B1FC0163F00BB430D /* Build configuration list for PBXNativeTarget "Checklists" */;
			buildPhases = (
				236365451FC0163F00BB430D /* Sources */,
				236365461FC0163F00BB430D /* Frameworks */,
				236365471FC0163F00BB430D /* Resources */,
			);
			buildRules = (
			);
			dependencies = (
			);
			name = Checklists;
			productName = Checklists;
			productReference = 236365491FC0163F00BB430D /* Checklists.app */;
			productType = "com.apple.product-type.application";
		};
/* End PBXNativeTarget section */

/* Begin PBXProject section */
		236365411FC0163F00BB430D /* Project object */ = {
			isa = PBXProject;
			attributes = {
				LastSwiftUpdateCheck = 0910;
				LastUpgradeCheck = 0910;
				ORGANIZATIONNAME = AllenLong;
				TargetAttributes = {
					236365481FC0163F00BB430D = {
						CreatedOnToolsVersion = 9.1;
						ProvisioningStyle = Automatic;
					};
				};
			};
			buildConfigurationList = 236365441FC0163F00BB430D /* Build configuration list for PBXProject "Checklists" */;
			compatibilityVersion = "Xcode 8.0";
			developmentRegion = en;
			hasScannedForEncodings = 0;
			knownRegions = (
				en,
				Base,
			);
			mainGroup = 236365401FC0163F00BB430D;
			productRefGroup = 2363654A1FC0163F00BB430D /* Products */;
			projectDirPath = "";
			projectRoot = "";
			targets = (
				236365481FC0163F00BB430D /* Checklists */,
			);
		};
/* End PBXProject section */

/* Begin PBXResourcesBuildPhase section */
		236365471FC0163F00BB430D /* Resources */ = {
			isa = PBXResourcesBuildPhase;
			buildActionMask = 2147483647;
			files = (
				236365571FC0163F00BB430D /* LaunchScreen.storyboard in Resources */,
				236365541FC0163F00BB430D /* Assets.xcassets in Resources */,
				236365521FC0163F00BB430D /* Main.storyboard in Resources */,
			);
			runOnlyForDeploymentPostprocessing = 0;
		};
/* End PBXResourcesBuildPhase section */

/* Begin PBXSourcesBuildPhase section */
		236365451FC0163F00BB430D /* Sources */ = {
			isa = PBXSourcesBuildPhase;
			buildActionMask = 2147483647;
			files = (
				2363654F1FC0163F00BB430D /* ChecklistsViewController.swift in Sources */,
				232B8C111FC3140600D9C5C0 /* AddItemViewController.swift in Sources */,
				23A63E511FCAC90B00F3A0EC /* Checklist.swift in Sources */,
				232BFFEB1FC06CC4008FBEEE /* ChecklistItem.swift in Sources */,
				23A63E4F1FCAB89100F3A0EC /* AllListsViewController.swift in Sources */,
				2363654D1FC0163F00BB430D /* AppDelegate.swift in Sources */,
			);
			runOnlyForDeploymentPostprocessing = 0;
		};
/* End PBXSourcesBuildPhase section */

/* Begin PBXVariantGroup section */
		236365501FC0163F00BB430D /* Main.storyboard */ = {
			isa = PBXVariantGroup;
			children = (
				236365511FC0163F00BB430D /* Base */,
			);
			name = Main.storyboard;
			sourceTree = "<group>";
		};
		236365551FC0163F00BB430D /* LaunchScreen.storyboard */ = {
			isa = PBXVariantGroup;
			children = (
				236365561FC0163F00BB430D /* Base */,
			);
			name = LaunchScreen.storyboard;
			sourceTree = "<group>";
		};
/* End PBXVariantGroup section */

/* Begin XCBuildConfiguration section */
		236365591FC0163F00BB430D /* Debug */ = {
			isa = XCBuildConfiguration;
			buildSettings = {
				ALWAYS_SEARCH_USER_PATHS = NO;
				CLANG_ANALYZER_NONNULL = YES;
				CLANG_ANALYZER_NUMBER_OBJECT_CONVERSION = YES_AGGRESSIVE;
				CLANG_CXX_LANGUAGE_STANDARD = "gnu++14";
				CLANG_CXX_LIBRARY = "libc++";
				CLANG_ENABLE_MODULES = YES;
				CLANG_ENABLE_OBJC_ARC = YES;
				CLANG_WARN_BLOCK_CAPTURE_AUTORELEASING = YES;
				CLANG_WARN_BOOL_CONVERSION = YES;
				CLANG_WARN_COMMA = YES;
				CLANG_WARN_CONSTANT_CONVERSION = YES;
				CLANG_WARN_DIRECT_OBJC_ISA_USAGE = YES_ERROR;
				CLANG_WARN_DOCUMENTATION_COMMENTS = YES;
				CLANG_WARN_EMPTY_BODY = YES;
				CLANG_WARN_ENUM_CONVERSION = YES;
				CLANG_WARN_INFINITE_RECURSION = YES;
				CLANG_WARN_INT_CONVERSION = YES;
				CLANG_WARN_NON_LITERAL_NULL_CONVERSION = YES;
				CLANG_WARN_OBJC_LITERAL_CONVERSION = YES;
				CLANG_WARN_OBJC_ROOT_CLASS = YES_ERROR;
				CLANG_WARN_RANGE_LOOP_ANALYSIS = YES;
				CLANG_WARN_STRICT_PROTOTYPES = YES;
				CLANG_WARN_SUSPICIOUS_MOVE = YES;
				CLANG_WARN_UNGUARDED_AVAILABILITY = YES_AGGRESSIVE;
				CLANG_WARN_UNREACHABLE_CODE = YES;
				CLANG_WARN__DUPLICATE_METHOD_MATCH = YES;
				CODE_SIGN_IDENTITY = "iPhone Developer";
				COPY_PHASE_STRIP = NO;
				DEBUG_INFORMATION_FORMAT = dwarf;
				ENABLE_STRICT_OBJC_MSGSEND = YES;
				ENABLE_TESTABILITY = YES;
				GCC_C_LANGUAGE_STANDARD = gnu11;
				GCC_DYNAMIC_NO_PIC = NO;
				GCC_NO_COMMON_BLOCKS = YES;
				GCC_OPTIMIZATION_LEVEL = 0;
				GCC_PREPROCESSOR_DEFINITIONS = (
					"DEBUG=1",
					"$(inherited)",
				);
				GCC_WARN_64_TO_32_BIT_CONVERSION = YES;
				GCC_WARN_ABOUT_RETURN_TYPE = YES_ERROR;
				GCC_WARN_UNDECLARED_SELECTOR = YES;
				GCC_WARN_UNINITIALIZED_AUTOS = YES_AGGRESSIVE;
				GCC_WARN_UNUSED_FUNCTION = YES;
				GCC_WARN_UNUSED_VARIABLE = YES;
				IPHONEOS_DEPLOYMENT_TARGET = 11.1;
				MTL_ENABLE_DEBUG_INFO = YES;
				ONLY_ACTIVE_ARCH = YES;
				SDKROOT = iphoneos;
				SWIFT_ACTIVE_COMPILATION_CONDITIONS = DEBUG;
				SWIFT_OPTIMIZATION_LEVEL = "-Onone";
			};
			name = Debug;
		};
		2363655A1FC0163F00BB430D /* Release */ = {
			isa = XCBuildConfiguration;
			buildSettings = {
				ALWAYS_SEARCH_USER_PATHS = NO;
				CLANG_ANALYZER_NONNULL = YES;
				CLANG_ANALYZER_NUMBER_OBJECT_CONVERSION = YES_AGGRESSIVE;
				CLANG_CXX_LANGUAGE_STANDARD = "gnu++14";
				CLANG_CXX_LIBRARY = "libc++";
				CLANG_ENABLE_MODULES = YES;
				CLANG_ENABLE_OBJC_ARC = YES;
				CLANG_WARN_BLOCK_CAPTURE_AUTORELEASING = YES;
				CLANG_WARN_BOOL_CONVERSION = YES;
				CLANG_WARN_COMMA = YES;
				CLANG_WARN_CONSTANT_CONVERSION = YES;
				CLANG_WARN_DIRECT_OBJC_ISA_USAGE = YES_ERROR;
				CLANG_WARN_DOCUMENTATION_COMMENTS = YES;
				CLANG_WARN_EMPTY_BODY = YES;
				CLANG_WARN_ENUM_CONVERSION = YES;
				CLANG_WARN_INFINITE_RECURSION = YES;
				CLANG_WARN_INT_CONVERSION = YES;
				CLANG_WARN_NON_LITERAL_NULL_CONVERSION = YES;
				CLANG_WARN_OBJC_LITERAL_CONVERSION = YES;
				CLANG_WARN_OBJC_ROOT_CLASS = YES_ERROR;
				CLANG_WARN_RANGE_LOOP_ANALYSIS = YES;
				CLANG_WARN_STRICT_PROTOTYPES = YES;
				CLANG_WARN_SUSPICIOUS_MOVE = YES;
				CLANG_WARN_UNGUARDED_AVAILABILITY = YES_AGGRESSIVE;
				CLANG_WARN_UNREACHABLE_CODE = YES;
				CLANG_WARN__DUPLICATE_METHOD_MATCH = YES;
				CODE_SIGN_IDENTITY = "iPhone Developer";
				COPY_PHASE_STRIP = NO;
				DEBUG_INFORMATION_FORMAT = "dwarf-with-dsym";
				ENABLE_NS_ASSERTIONS = NO;
				ENABLE_STRICT_OBJC_MSGSEND = YES;
				GCC_C_LANGUAGE_STANDARD = gnu11;
				GCC_NO_COMMON_BLOCKS = YES;
				GCC_WARN_64_TO_32_BIT_CONVERSION = YES;
				GCC_WARN_ABOUT_RETURN_TYPE = YES_ERROR;
				GCC_WARN_UNDECLARED_SELECTOR = YES;
				GCC_WARN_UNINITIALIZED_AUTOS = YES_AGGRESSIVE;
				GCC_WARN_UNUSED_FUNCTION = YES;
				GCC_WARN_UNUSED_VARIABLE = YES;
				IPHONEOS_DEPLOYMENT_TARGET = 11.1;
				MTL_ENABLE_DEBUG_INFO = NO;
				SDKROOT = iphoneos;
				SWIFT_OPTIMIZATION_LEVEL = "-Owholemodule";
				VALIDATE_PRODUCT = YES;
			};
			name = Release;
		};
		2363655C1FC0163F00BB430D /* Debug */ = {
			isa = XCBuildConfiguration;
			buildSettings = {
				ASSETCATALOG_COMPILER_APPICON_NAME = AppIcon;
				CODE_SIGN_STYLE = Automatic;
				DEVELOPMENT_TEAM = 9TPWHUUNKM;
				INFOPLIST_FILE = Checklists/Info.plist;
				LD_RUNPATH_SEARCH_PATHS = "$(inherited) @executable_path/Frameworks";
				PRODUCT_BUNDLE_IDENTIFIER = com.allencode.Checklists;
				PRODUCT_NAME = "$(TARGET_NAME)";
				SWIFT_VERSION = 4.0;
				TARGETED_DEVICE_FAMILY = "1,2";
			};
			name = Debug;
		};
		2363655D1FC0163F00BB430D /* Release */ = {
			isa = XCBuildConfiguration;
			buildSettings = {
				ASSETCATALOG_COMPILER_APPICON_NAME = AppIcon;
				CODE_SIGN_STYLE = Automatic;
				DEVELOPMENT_TEAM = 9TPWHUUNKM;
				INFOPLIST_FILE = Checklists/Info.plist;
				LD_RUNPATH_SEARCH_PATHS = "$(inherited) @executable_path/Frameworks";
				PRODUCT_BUNDLE_IDENTIFIER = com.allencode.Checklists;
				PRODUCT_NAME = "$(TARGET_NAME)";
				SWIFT_VERSION = 4.0;
				TARGETED_DEVICE_FAMILY = "1,2";
			};
			name = Release;
		};
/* End XCBuildConfiguration section */

/* Begin XCConfigurationList section */
		236365441FC0163F00BB430D /* Build configuration list for PBXProject "Checklists" */ = {
			isa = XCConfigurationList;
			buildConfigurations = (
				236365591FC0163F00BB430D /* Debug */,
				2363655A1FC0163F00BB430D /* Release */,
			);
			defaultConfigurationIsVisible = 0;
			defaultConfigurationName = Release;
		};
		2363655B1FC0163F00BB430D /* Build configuration list for PBXNativeTarget "Checklists" */ = {
			isa = XCConfigurationList;
			buildConfigurations = (
				2363655C1FC0163F00BB430D /* Debug */,
				2363655D1FC0163F00BB430D /* Release */,
			);
			defaultConfigurationIsVisible = 0;
			defaultConfigurationName = Release;
		};
/* End XCConfigurationList section */
	};
	rootObject = 236365411FC0163F00BB430D /* Project object */;
}
